{
  "requires": true,
  "lockfileVersion": 1,
  "dependencies": {
    "vue-router": {
      "version": "3.0.7",
      "resolved": "https://registry.npmjs.org/vue-router/-/vue-router-3.0.7.tgz",
      "integrity": "sha512-utJ+QR3YlIC/6x6xq17UMXeAfxEvXA0VKD3PiSio7hBOZNusA1jXcbxZxVEfJunLp48oonjTepY8ORoIlRx/EQ=="
    }
  }
}
